{
  "name": "ipfs-share-apps",
  "lockfileVersion": 3,
  "requires": true,
  "packages": {
    "": {
      "dependencies": {
        "json-stringify-deterministic": "^1.0.8"
      }
    },
    "node_modules/json-stringify-deterministic": {
      "version": "1.0.8",
      "resolved": "https://registry.npmjs.org/json-stringify-deterministic/-/json-stringify-deterministic-1.0.8.tgz",
      "integrity": "sha512-rkJID3qeigo3VCrEcxX1333fTBBxW89YrdYcZexMnL/WdB8u0zctyG63e/DpahRJyrWCDhh7IQhiR7u2XEDQ4Q==",
      "engines": {
        "node": ">= 4"
      }
    }
  }
}
